{
  "name": "js",
  "version": "1.0.0",
  "lockfileVersion": 3,
  "requires": true,
  "packages": {
    "": {
      "name": "js",
      "version": "1.0.0",
      "license": "ISC",
      "dependencies": {
        "center-align": "^1.0.1",
        "prompt-sync": "^4.2.0"
      }
    },
    "node_modules/align-text": {
      "version": "1.0.2",
      "resolved": "https://registry.npmjs.org/align-text/-/align-text-1.0.2.tgz",
      "integrity": "sha512-uBPDs72zrRTdiTBY0YjBbuBOdXtRyT4qsKPb4bL4O7vH4utz/7KjwTJVsVbdThxMbVzkRGAfk8Ml3xoMvXSEYw==",
      "license": "MIT",
      "dependencies": {
        "kind-of": "^5.0.2",
        "longest": "^2.0.1",
        "repeat-string": "^1.6.1"
      },
      "engines": {
        "node": ">=0.10.0"
      }
    },
    "node_modules/ansi-regex": {
      "version": "4.1.1",
      "resolved": "https://registry.npmjs.org/ansi-regex/-/ansi-regex-4.1.1.tgz",
      "integrity": "sha512-ILlv4k/3f6vfQ4OoP2AGvirOktlQ98ZEL1k9FaQjxa3L1abBgbuTDAdPOpvbGncC0BTVQrl+OM8xZGK6tWXt7g==",
      "license": "MIT",
      "engines": {
        "node": ">=6"
      }
    },
    "node_modules/center-align": {
      "version": "1.0.1",
      "resolved": "https://registry.npmjs.org/center-align/-/center-align-1.0.1.tgz",
      "integrity": "sha512-j6Ba1Vwtu0i9CUfM5VicnMqOsNRMYnNAoTUTB/EzUFhBKkqFPD5UE2WTCSIy49OnbjTEnJ0t2CFPYMbKNrUi/A==",
      "license": "MIT",
      "dependencies": {
        "align-text": "^1.0.0",
        "repeat-string": "^1.6.1"
      },
      "engines": {
        "node": ">=0.10.0"
      }
    },
    "node_modules/kind-of": {
      "version": "5.1.0",
      "resolved": "https://registry.npmjs.org/kind-of/-/kind-of-5.1.0.tgz",
      "integrity": "sha512-NGEErnH6F2vUuXDh+OlbcKW7/wOcfdRHaZ7VWtqCztfHri/++YKmP51OdWeGPuqCOba6kk2OTe5d02VmTB80Pw==",
      "license": "MIT",
      "engines": {
        "node": ">=0.10.0"
      }
    },
    "node_modules/longest": {
      "version": "2.0.1",
      "resolved": "https://registry.npmjs.org/longest/-/longest-2.0.1.tgz",
      "integrity": "sha512-Ajzxb8CM6WAnFjgiloPsI3bF+WCxcvhdIG3KNA2KN962+tdBsHcuQ4k4qX/EcS/2CRkcc0iAkR956Nib6aXU/Q==",
      "license": "MIT",
      "engines": {
        "node": ">=0.10.0"
      }
    },
    "node_modules/prompt-sync": {
      "version": "4.2.0",
      "resolved": "https://registry.npmjs.org/prompt-sync/-/prompt-sync-4.2.0.tgz",
      "integrity": "sha512-BuEzzc5zptP5LsgV5MZETjDaKSWfchl5U9Luiu8SKp7iZWD5tZalOxvNcZRwv+d2phNFr8xlbxmFNcRKfJOzJw==",
      "license": "MIT",
      "dependencies": {
        "strip-ansi": "^5.0.0"
      }
    },
    "node_modules/repeat-string": {
      "version": "1.6.1",
      "resolved": "https://registry.npmjs.org/repeat-string/-/repeat-string-1.6.1.tgz",
      "integrity": "sha512-PV0dzCYDNfRi1jCDbJzpW7jNNDRuCOG/jI5ctQcGKt/clZD+YcPS3yIlWuTJMmESC8aevCFmWJy5wjAFgNqN6w==",
      "license": "MIT",
      "engines": {
        "node": ">=0.10"
      }
    },
    "node_modules/strip-ansi": {
      "version": "5.2.0",
      "resolved": "https://registry.npmjs.org/strip-ansi/-/strip-ansi-5.2.0.tgz",
      "integrity": "sha512-DuRs1gKbBqsMKIZlrffwlug8MHkcnpjs5VPmL1PAh+mA30U0DTotfDZ0d2UUsXpPmPmMMJ6W773MaA3J+lbiWA==",
      "license": "MIT",
      "dependencies": {
        "ansi-regex": "^4.1.0"
      },
      "engines": {
        "node": ">=6"
      }
    }
  }
}
